
Microsoft Visual Studio Solution File, Format Version 12.00
# Visual Studio Version 17
VisualStudioVersion = 17.8.34309.116
MinimumVisualStudioVersion = 10.0.40219.1
Project("{8BC9CEB8-8B4A-11D0-8D11-00A0C91BC942}") = "NewRemoteServer", "NewRemoteServer.vcxproj", "{3A19DCB7-19BB-443A-9C98-1C888C3DF66F}"
EndProject
Project("{8BC9CEB8-8B4A-11D0-8D11-00A0C91BC942}") = "NewRemoteClient", "..\NewRemoteClient\NewRemoteClient.vcxproj", "{BEED7AFC-8C44-48A5-80DF-A5BE7BAF1D7E}"
EndProject
Global
	GlobalSection(SolutionConfigurationPlatforms) = preSolution
		Debug|x64 = Debug|x64
		Debug|x86 = Debug|x86
		Release|x64 = Release|x64
		Release|x86 = Release|x86
	EndGlobalSection
	GlobalSection(ProjectConfigurationPlatforms) = postSolution
		{3A19DCB7-19BB-443A-9C98-1C888C3DF66F}.Debug|x64.ActiveCfg = Debug|x64
		{3A19DCB7-19BB-443A-9C98-1C888C3DF66F}.Debug|x64.Build.0 = Debug|x64
		{3A19DCB7-19BB-443A-9C98-1C888C3DF66F}.Debug|x86.ActiveCfg = Debug|Win32
		{3A19DCB7-19BB-443A-9C98-1C888C3DF66F}.Debug|x86.Build.0 = Debug|Win32
		{3A19DCB7-19BB-443A-9C98-1C888C3DF66F}.Release|x64.ActiveCfg = Release|x64
		{3A19DCB7-19BB-443A-9C98-1C888C3DF66F}.Release|x64.Build.0 = Release|x64
		{3A19DCB7-19BB-443A-9C98-1C888C3DF66F}.Release|x86.ActiveCfg = Release|Win32
		{3A19DCB7-19BB-443A-9C98-1C888C3DF66F}.Release|x86.Build.0 = Release|Win32
		{BEED7AFC-8C44-48A5-80DF-A5BE7BAF1D7E}.Debug|x64.ActiveCfg = Debug|x64
		{BEED7AFC-8C44-48A5-80DF-A5BE7BAF1D7E}.Debug|x64.Build.0 = Debug|x64
		{BEED7AFC-8C44-48A5-80DF-A5BE7BAF1D7E}.Debug|x86.ActiveCfg = Debug|Win32
		{BEED7AFC-8C44-48A5-80DF-A5BE7BAF1D7E}.Debug|x86.Build.0 = Debug|Win32
		{BEED7AFC-8C44-48A5-80DF-A5BE7BAF1D7E}.Release|x64.ActiveCfg = Release|x64
		{BEED7AFC-8C44-48A5-80DF-A5BE7BAF1D7E}.Release|x64.Build.0 = Release|x64
		{BEED7AFC-8C44-48A5-80DF-A5BE7BAF1D7E}.Release|x86.ActiveCfg = Release|Win32
		{BEED7AFC-8C44-48A5-80DF-A5BE7BAF1D7E}.Release|x86.Build.0 = Release|Win32
	EndGlobalSection
	GlobalSection(SolutionProperties) = preSolution
		HideSolutionNode = FALSE
	EndGlobalSection
	GlobalSection(ExtensibilityGlobals) = postSolution
		SolutionGuid = {501AE300-F740-4A6D-9855-75550EBC3AC1}
	EndGlobalSection
EndGlobal
